
Microsoft Visual Studio Solution File, Format Version 12.00
# Visual Studio Version 17
VisualStudioVersion = 17.9.34607.119
MinimumVisualStudioVersion = 10.0.40219.1
Project("{FAE04EC0-301F-11D3-BF4B-00C04F79EFBC}") = "WindowsFormsApp1", "WindowsFormsApp1\WindowsFormsApp1.csproj", "{720310ED-9AC0-4824-A82A-57159EE723EA}"
EndProject
Global
	GlobalSection(SolutionConfigurationPlatforms) = preSolution
		Debug|Any CPU = Debug|Any CPU
		Release|Any CPU = Release|Any CPU
	EndGlobalSection
	GlobalSection(ProjectConfigurationPlatforms) = postSolution
		{720310ED-9AC0-4824-A82A-57159EE723EA}.Debug|Any CPU.ActiveCfg = Debug|Any CPU
		{720310ED-9AC0-4824-A82A-57159EE723EA}.Debug|Any CPU.Build.0 = Debug|Any CPU
		{720310ED-9AC0-4824-A82A-57159EE723EA}.Release|Any CPU.ActiveCfg = Release|Any CPU
		{720310ED-9AC0-4824-A82A-57159EE723EA}.Release|Any CPU.Build.0 = Release|Any CPU
	EndGlobalSection
	GlobalSection(SolutionProperties) = preSolution
		HideSolutionNode = FALSE
	EndGlobalSection
	GlobalSection(ExtensibilityGlobals) = postSolution
		SolutionGuid = {AA2FDC0B-BD37-4AFD-8849-847B5D9C899A}
	EndGlobalSection
EndGlobal
